
Microsoft Visual Studio Solution File, Format Version 12.00
# Visual Studio Version 17
VisualStudioVersion = 17.9.34622.214
MinimumVisualStudioVersion = 10.0.40219.1
Project("{FAE04EC0-301F-11D3-BF4B-00C04F79EFBC}") = "IdentityFrameworkCoreProject", "IdentityFrameworkCoreProject\IdentityFrameworkCoreProject.csproj", "{1C24342E-CF40-402E-84FB-FBA467925373}"
EndProject
Global
	GlobalSection(SolutionConfigurationPlatforms) = preSolution
		Debug|Any CPU = Debug|Any CPU
		Release|Any CPU = Release|Any CPU
	EndGlobalSection
	GlobalSection(ProjectConfigurationPlatforms) = postSolution
		{1C24342E-CF40-402E-84FB-FBA467925373}.Debug|Any CPU.ActiveCfg = Debug|Any CPU
		{1C24342E-CF40-402E-84FB-FBA467925373}.Debug|Any CPU.Build.0 = Debug|Any CPU
		{1C24342E-CF40-402E-84FB-FBA467925373}.Release|Any CPU.ActiveCfg = Release|Any CPU
		{1C24342E-CF40-402E-84FB-FBA467925373}.Release|Any CPU.Build.0 = Release|Any CPU
	EndGlobalSection
	GlobalSection(SolutionProperties) = preSolution
		HideSolutionNode = FALSE
	EndGlobalSection
	GlobalSection(ExtensibilityGlobals) = postSolution
		SolutionGuid = {23D8D560-4A19-4A6B-8078-2115623E28C6}
	EndGlobalSection
EndGlobal
